
Microsoft Visual Studio Solution File, Format Version 12.00
# Visual Studio Version 17
VisualStudioVersion = 17.0.31903.59
MinimumVisualStudioVersion = 10.0.40219.1
Project("{FAE04EC0-301F-11D3-BF4B-00C04F79EFBC}") = "Core", "Core\Core.csproj", "{B30A2242-7462-485F-A5DE-E8F6F6825640}"
EndProject
Project("{FAE04EC0-301F-11D3-BF4B-00C04F79EFBC}") = "API", "API\API.csproj", "{77A37AFC-7A3A-4402-8017-FBA9F961D815}"
EndProject
Project("{FAE04EC0-301F-11D3-BF4B-00C04F79EFBC}") = "Infrastructure", "Infrastructure\Infrastructure.csproj", "{EDA4320A-F94E-4C33-970D-92503E990584}"
EndProject
Global
	GlobalSection(SolutionConfigurationPlatforms) = preSolution
		Debug|Any CPU = Debug|Any CPU
		Release|Any CPU = Release|Any CPU
	EndGlobalSection
	GlobalSection(ProjectConfigurationPlatforms) = postSolution
		{B30A2242-7462-485F-A5DE-E8F6F6825640}.Debug|Any CPU.ActiveCfg = Debug|Any CPU
		{B30A2242-7462-485F-A5DE-E8F6F6825640}.Debug|Any CPU.Build.0 = Debug|Any CPU
		{B30A2242-7462-485F-A5DE-E8F6F6825640}.Release|Any CPU.ActiveCfg = Release|Any CPU
		{B30A2242-7462-485F-A5DE-E8F6F6825640}.Release|Any CPU.Build.0 = Release|Any CPU
		{77A37AFC-7A3A-4402-8017-FBA9F961D815}.Debug|Any CPU.ActiveCfg = Debug|Any CPU
		{77A37AFC-7A3A-4402-8017-FBA9F961D815}.Debug|Any CPU.Build.0 = Debug|Any CPU
		{77A37AFC-7A3A-4402-8017-FBA9F961D815}.Release|Any CPU.ActiveCfg = Release|Any CPU
		{77A37AFC-7A3A-4402-8017-FBA9F961D815}.Release|Any CPU.Build.0 = Release|Any CPU
		{EDA4320A-F94E-4C33-970D-92503E990584}.Debug|Any CPU.ActiveCfg = Debug|Any CPU
		{EDA4320A-F94E-4C33-970D-92503E990584}.Debug|Any CPU.Build.0 = Debug|Any CPU
		{EDA4320A-F94E-4C33-970D-92503E990584}.Release|Any CPU.ActiveCfg = Release|Any CPU
		{EDA4320A-F94E-4C33-970D-92503E990584}.Release|Any CPU.Build.0 = Release|Any CPU
	EndGlobalSection
	GlobalSection(SolutionProperties) = preSolution
		HideSolutionNode = FALSE
	EndGlobalSection
	GlobalSection(ExtensibilityGlobals) = postSolution
		SolutionGuid = {618CA7E5-92CC-4476-B789-98BA888DDDD2}
	EndGlobalSection
EndGlobal
